
Microsoft Visual Studio Solution File, Format Version 12.00
# Visual Studio Version 17
VisualStudioVersion = 17.4.33213.308
MinimumVisualStudioVersion = 10.0.40219.1
Project("{FAE04EC0-301F-11D3-BF4B-00C04F79EFBC}") = "FormTopissimo", "FormTopissimo\FormTopissimo.csproj", "{3F9E7896-A4EA-44D8-A942-7312E7A7FAE5}"
EndProject
Global
	GlobalSection(SolutionConfigurationPlatforms) = preSolution
		Debug|Any CPU = Debug|Any CPU
		Release|Any CPU = Release|Any CPU
	EndGlobalSection
	GlobalSection(ProjectConfigurationPlatforms) = postSolution
		{3F9E7896-A4EA-44D8-A942-7312E7A7FAE5}.Debug|Any CPU.ActiveCfg = Debug|Any CPU
		{3F9E7896-A4EA-44D8-A942-7312E7A7FAE5}.Debug|Any CPU.Build.0 = Debug|Any CPU
		{3F9E7896-A4EA-44D8-A942-7312E7A7FAE5}.Release|Any CPU.ActiveCfg = Release|Any CPU
		{3F9E7896-A4EA-44D8-A942-7312E7A7FAE5}.Release|Any CPU.Build.0 = Release|Any CPU
	EndGlobalSection
	GlobalSection(SolutionProperties) = preSolution
		HideSolutionNode = FALSE
	EndGlobalSection
	GlobalSection(ExtensibilityGlobals) = postSolution
		SolutionGuid = {970CA00C-2399-4DCE-84FC-E68214DFBA57}
	EndGlobalSection
EndGlobal
